
Microsoft Visual Studio Solution File, Format Version 12.00
# Visual Studio for Mac
Project("{FAE04EC0-301F-11D3-BF4B-00C04F79EFBC}") = "Assembly-CSharp", "Assembly-CSharp.csproj", "{C77A6E3C-9646-30C7-C0E5-595E74C87A80}"
EndProject
Project("{FAE04EC0-301F-11D3-BF4B-00C04F79EFBC}") = "Assembly-CSharp-Editor", "Assembly-CSharp-Editor.csproj", "{8005792E-BAFF-F883-3C94-D8E8B092ECF3}"
EndProject
Global
	GlobalSection(SolutionConfigurationPlatforms) = preSolution
		Debug|Any CPU = Debug|Any CPU
		Release|Any CPU = Release|Any CPU
	EndGlobalSection
	GlobalSection(ProjectConfigurationPlatforms) = postSolution
		{C77A6E3C-9646-30C7-C0E5-595E74C87A80}.Debug|Any CPU.ActiveCfg = Debug|Any CPU
		{C77A6E3C-9646-30C7-C0E5-595E74C87A80}.Debug|Any CPU.Build.0 = Debug|Any CPU
		{C77A6E3C-9646-30C7-C0E5-595E74C87A80}.Release|Any CPU.ActiveCfg = Release|Any CPU
		{C77A6E3C-9646-30C7-C0E5-595E74C87A80}.Release|Any CPU.Build.0 = Release|Any CPU
		{8005792E-BAFF-F883-3C94-D8E8B092ECF3}.Debug|Any CPU.ActiveCfg = Debug|Any CPU
		{8005792E-BAFF-F883-3C94-D8E8B092ECF3}.Debug|Any CPU.Build.0 = Debug|Any CPU
		{8005792E-BAFF-F883-3C94-D8E8B092ECF3}.Release|Any CPU.ActiveCfg = Release|Any CPU
		{8005792E-BAFF-F883-3C94-D8E8B092ECF3}.Release|Any CPU.Build.0 = Release|Any CPU
	EndGlobalSection
	GlobalSection(SolutionProperties) = preSolution
		HideSolutionNode = FALSE
	EndGlobalSection
EndGlobal
