
Microsoft Visual Studio Solution File, Format Version 12.00
# Visual Studio for Mac
Project("{FAE04EC0-301F-11D3-BF4B-00C04F79EFBC}") = "Assembly-CSharp", "Assembly-CSharp.csproj", "{B0B047A2-E7D1-0E6A-6BE3-862E5F797075}"
EndProject
Project("{FAE04EC0-301F-11D3-BF4B-00C04F79EFBC}") = "Assembly-CSharp-Editor", "Assembly-CSharp-Editor.csproj", "{0DDCC2B1-2B6F-72B2-919C-BFEA81047B42}"
EndProject
Global
	GlobalSection(SolutionConfigurationPlatforms) = preSolution
		Debug|Any CPU = Debug|Any CPU
		Release|Any CPU = Release|Any CPU
	EndGlobalSection
	GlobalSection(ProjectConfigurationPlatforms) = postSolution
		{B0B047A2-E7D1-0E6A-6BE3-862E5F797075}.Debug|Any CPU.ActiveCfg = Debug|Any CPU
		{B0B047A2-E7D1-0E6A-6BE3-862E5F797075}.Debug|Any CPU.Build.0 = Debug|Any CPU
		{B0B047A2-E7D1-0E6A-6BE3-862E5F797075}.Release|Any CPU.ActiveCfg = Release|Any CPU
		{B0B047A2-E7D1-0E6A-6BE3-862E5F797075}.Release|Any CPU.Build.0 = Release|Any CPU
		{0DDCC2B1-2B6F-72B2-919C-BFEA81047B42}.Debug|Any CPU.ActiveCfg = Debug|Any CPU
		{0DDCC2B1-2B6F-72B2-919C-BFEA81047B42}.Debug|Any CPU.Build.0 = Debug|Any CPU
		{0DDCC2B1-2B6F-72B2-919C-BFEA81047B42}.Release|Any CPU.ActiveCfg = Release|Any CPU
		{0DDCC2B1-2B6F-72B2-919C-BFEA81047B42}.Release|Any CPU.Build.0 = Release|Any CPU
	EndGlobalSection
	GlobalSection(SolutionProperties) = preSolution
		HideSolutionNode = FALSE
	EndGlobalSection
EndGlobal
